
Microsoft Visual Studio Solution File, Format Version 12.00
# Visual Studio Version 17
VisualStudioVersion = 17.2.32630.192
MinimumVisualStudioVersion = 10.0.40219.1
Project("{FAE04EC0-301F-11D3-BF4B-00C04F79EFBC}") = "testoSaber", "testoSaber\testoSaber.csproj", "{ED57F23D-E72B-488E-B461-E444A1865377}"
EndProject
Global
	GlobalSection(SolutionConfigurationPlatforms) = preSolution
		Debug|Any CPU = Debug|Any CPU
		Release|Any CPU = Release|Any CPU
	EndGlobalSection
	GlobalSection(ProjectConfigurationPlatforms) = postSolution
		{ED57F23D-E72B-488E-B461-E444A1865377}.Debug|Any CPU.ActiveCfg = Debug|Any CPU
		{ED57F23D-E72B-488E-B461-E444A1865377}.Debug|Any CPU.Build.0 = Debug|Any CPU
		{ED57F23D-E72B-488E-B461-E444A1865377}.Release|Any CPU.ActiveCfg = Release|Any CPU
		{ED57F23D-E72B-488E-B461-E444A1865377}.Release|Any CPU.Build.0 = Release|Any CPU
	EndGlobalSection
	GlobalSection(SolutionProperties) = preSolution
		HideSolutionNode = FALSE
	EndGlobalSection
	GlobalSection(ExtensibilityGlobals) = postSolution
		SolutionGuid = {8DB04DC1-E29E-4B8A-8728-85A077BF2425}
	EndGlobalSection
EndGlobal
